
Microsoft Visual Studio Solution File, Format Version 12.00
# Visual Studio Version 17
VisualStudioVersion = 17.4.33205.214
MinimumVisualStudioVersion = 10.0.40219.1
Project("{FAE04EC0-301F-11D3-BF4B-00C04F79EFBC}") = "mom2spexet", "mom2spexet\mom2spexet.csproj", "{6AB53066-1EE2-4296-8783-F44A6A4A755A}"
EndProject
Global
	GlobalSection(SolutionConfigurationPlatforms) = preSolution
		Debug|Any CPU = Debug|Any CPU
		Release|Any CPU = Release|Any CPU
	EndGlobalSection
	GlobalSection(ProjectConfigurationPlatforms) = postSolution
		{6AB53066-1EE2-4296-8783-F44A6A4A755A}.Debug|Any CPU.ActiveCfg = Debug|Any CPU
		{6AB53066-1EE2-4296-8783-F44A6A4A755A}.Debug|Any CPU.Build.0 = Debug|Any CPU
		{6AB53066-1EE2-4296-8783-F44A6A4A755A}.Release|Any CPU.ActiveCfg = Release|Any CPU
		{6AB53066-1EE2-4296-8783-F44A6A4A755A}.Release|Any CPU.Build.0 = Release|Any CPU
	EndGlobalSection
	GlobalSection(SolutionProperties) = preSolution
		HideSolutionNode = FALSE
	EndGlobalSection
	GlobalSection(ExtensibilityGlobals) = postSolution
		SolutionGuid = {614BC724-ED9B-477E-AE26-16A324D497A8}
	EndGlobalSection
EndGlobal
